
Microsoft Visual Studio Solution File, Format Version 12.00
# Visual Studio Version 17
VisualStudioVersion = 17.9.34902.65
MinimumVisualStudioVersion = 10.0.40219.1
Project("{FAE04EC0-301F-11D3-BF4B-00C04F79EFBC}") = "Coins.Api", "Coins.Api\Coins.Api.csproj", "{25E6F7F3-A904-438F-949B-FAA68B174051}"
EndProject
Project("{FAE04EC0-301F-11D3-BF4B-00C04F79EFBC}") = "Coins.Service", "Coins.Service\Coins.Service.csproj", "{464A9BC8-C2CB-4502-B41D-513309244002}"
EndProject
Project("{FAE04EC0-301F-11D3-BF4B-00C04F79EFBC}") = "Coins.Core", "Coins.Core\Coins.Core.csproj", "{C2293804-98FD-478A-8539-9D1C7F5D1211}"
EndProject
Project("{FAE04EC0-301F-11D3-BF4B-00C04F79EFBC}") = "Coins.Data", "Coins.Data\Coins.Data.csproj", "{ECA86895-4B95-4D21-8FEA-0FE7BE33622E}"
EndProject
Global
	GlobalSection(SolutionConfigurationPlatforms) = preSolution
		Debug|Any CPU = Debug|Any CPU
		Release|Any CPU = Release|Any CPU
	EndGlobalSection
	GlobalSection(ProjectConfigurationPlatforms) = postSolution
		{25E6F7F3-A904-438F-949B-FAA68B174051}.Debug|Any CPU.ActiveCfg = Debug|Any CPU
		{25E6F7F3-A904-438F-949B-FAA68B174051}.Debug|Any CPU.Build.0 = Debug|Any CPU
		{25E6F7F3-A904-438F-949B-FAA68B174051}.Release|Any CPU.ActiveCfg = Release|Any CPU
		{25E6F7F3-A904-438F-949B-FAA68B174051}.Release|Any CPU.Build.0 = Release|Any CPU
		{464A9BC8-C2CB-4502-B41D-513309244002}.Debug|Any CPU.ActiveCfg = Debug|Any CPU
		{464A9BC8-C2CB-4502-B41D-513309244002}.Debug|Any CPU.Build.0 = Debug|Any CPU
		{464A9BC8-C2CB-4502-B41D-513309244002}.Release|Any CPU.ActiveCfg = Release|Any CPU
		{464A9BC8-C2CB-4502-B41D-513309244002}.Release|Any CPU.Build.0 = Release|Any CPU
		{C2293804-98FD-478A-8539-9D1C7F5D1211}.Debug|Any CPU.ActiveCfg = Debug|Any CPU
		{C2293804-98FD-478A-8539-9D1C7F5D1211}.Debug|Any CPU.Build.0 = Debug|Any CPU
		{C2293804-98FD-478A-8539-9D1C7F5D1211}.Release|Any CPU.ActiveCfg = Release|Any CPU
		{C2293804-98FD-478A-8539-9D1C7F5D1211}.Release|Any CPU.Build.0 = Release|Any CPU
		{ECA86895-4B95-4D21-8FEA-0FE7BE33622E}.Debug|Any CPU.ActiveCfg = Debug|Any CPU
		{ECA86895-4B95-4D21-8FEA-0FE7BE33622E}.Debug|Any CPU.Build.0 = Debug|Any CPU
		{ECA86895-4B95-4D21-8FEA-0FE7BE33622E}.Release|Any CPU.ActiveCfg = Release|Any CPU
		{ECA86895-4B95-4D21-8FEA-0FE7BE33622E}.Release|Any CPU.Build.0 = Release|Any CPU
	EndGlobalSection
	GlobalSection(SolutionProperties) = preSolution
		HideSolutionNode = FALSE
	EndGlobalSection
	GlobalSection(ExtensibilityGlobals) = postSolution
		SolutionGuid = {C6EB8182-EC6A-43F2-9F30-9D3F9EFF132B}
	EndGlobalSection
EndGlobal
